// !$*UTF8*$!
{
	archiveVersion = 1;
	classes = {
	};
	objectVersion = 55;
	objects = {

/* Begin PBXBuildFile section */
		3BBE912FBE8C86D8986A0C8A /* Pods_FindPhotos.framework in Frameworks */ = {isa = PBXBuildFile; fileRef = FE0EDAF596FCBC9EA2453027 /* Pods_FindPhotos.framework */; };
		EFE64F00271EE073009C8CC2 /* AppDelegate.swift in Sources */ = {isa = PBXBuildFile; fileRef = EFE64EFF271EE073009C8CC2 /* AppDelegate.swift */; };
		EFE64F02271EE073009C8CC2 /* SceneDelegate.swift in Sources */ = {isa = PBXBuildFile; fileRef = EFE64F01271EE073009C8CC2 /* SceneDelegate.swift */; };
		EFE64F04271EE073009C8CC2 /* ViewController.swift in Sources */ = {isa = PBXBuildFile; fileRef = EFE64F03271EE073009C8CC2 /* ViewController.swift */; };
		EFE64F09271EE075009C8CC2 /* Assets.xcassets in Resources */ = {isa = PBXBuildFile; fileRef = EFE64F08271EE075009C8CC2 /* Assets.xcassets */; };
		EFE64F0C271EE075009C8CC2 /* LaunchScreen.storyboard in Resources */ = {isa = PBXBuildFile; fileRef = EFE64F0A271EE075009C8CC2 /* LaunchScreen.storyboard */; };
		EFE64F14271EE32B009C8CC2 /* MainTabBarController.swift in Sources */ = {isa = PBXBuildFile; fileRef = EFE64F13271EE32B009C8CC2 /* MainTabBarController.swift */; };
		EFE64F16271EF242009C8CC2 /* PicturesViewController.swift in Sources */ = {isa = PBXBuildFile; fileRef = EFE64F15271EF242009C8CC2 /* PicturesViewController.swift */; };
		EFE64F19271EF298009C8CC2 /* FavoritesViewController.swift in Sources */ = {isa = PBXBuildFile; fileRef = EFE64F18271EF298009C8CC2 /* FavoritesViewController.swift */; };
		EFE64F1B271F2A5E009C8CC2 /* NetworkService.swift in Sources */ = {isa = PBXBuildFile; fileRef = EFE64F1A271F2A5E009C8CC2 /* NetworkService.swift */; };
		EFE64F1D271F3245009C8CC2 /* NetworkDataFetcher.swift in Sources */ = {isa = PBXBuildFile; fileRef = EFE64F1C271F3245009C8CC2 /* NetworkDataFetcher.swift */; };
		EFE64F1F271F32A6009C8CC2 /* SearchResult.swift in Sources */ = {isa = PBXBuildFile; fileRef = EFE64F1E271F32A6009C8CC2 /* SearchResult.swift */; };
		EFE64F21271F3D51009C8CC2 /* PicturesCollectionViewCell.swift in Sources */ = {isa = PBXBuildFile; fileRef = EFE64F20271F3D51009C8CC2 /* PicturesCollectionViewCell.swift */; };
		EFE64F2327202284009C8CC2 /* PicturesDetailsViewController.swift in Sources */ = {isa = PBXBuildFile; fileRef = EFE64F2227202284009C8CC2 /* PicturesDetailsViewController.swift */; };
/* End PBXBuildFile section */

/* Begin PBXFileReference section */
		0544E5BB6FC207BE03C7F7D8 /* Pods-FindPhotos.release.xcconfig */ = {isa = PBXFileReference; includeInIndex = 1; lastKnownFileType = text.xcconfig; name = "Pods-FindPhotos.release.xcconfig"; path = "Target Support Files/Pods-FindPhotos/Pods-FindPhotos.release.xcconfig"; sourceTree = "<group>"; };
		A28BDA6E2C5396490E140587 /* Pods-FindPhotos.debug.xcconfig */ = {isa = PBXFileReference; includeInIndex = 1; lastKnownFileType = text.xcconfig; name = "Pods-FindPhotos.debug.xcconfig"; path = "Target Support Files/Pods-FindPhotos/Pods-FindPhotos.debug.xcconfig"; sourceTree = "<group>"; };
		EFE64EFC271EE073009C8CC2 /* FindPhotos.app */ = {isa = PBXFileReference; explicitFileType = wrapper.application; includeInIndex = 0; path = FindPhotos.app; sourceTree = BUILT_PRODUCTS_DIR; };
		EFE64EFF271EE073009C8CC2 /* AppDelegate.swift */ = {isa = PBXFileReference; lastKnownFileType = sourcecode.swift; path = AppDelegate.swift; sourceTree = "<group>"; };
		EFE64F01271EE073009C8CC2 /* SceneDelegate.swift */ = {isa = PBXFileReference; lastKnownFileType = sourcecode.swift; path = SceneDelegate.swift; sourceTree = "<group>"; };
		EFE64F03271EE073009C8CC2 /* ViewController.swift */ = {isa = PBXFileReference; lastKnownFileType = sourcecode.swift; path = ViewController.swift; sourceTree = "<group>"; };
		EFE64F08271EE075009C8CC2 /* Assets.xcassets */ = {isa = PBXFileReference; lastKnownFileType = folder.assetcatalog; path = Assets.xcassets; sourceTree = "<group>"; };
		EFE64F0B271EE075009C8CC2 /* Base */ = {isa = PBXFileReference; lastKnownFileType = file.storyboard; name = Base; path = Base.lproj/LaunchScreen.storyboard; sourceTree = "<group>"; };
		EFE64F0D271EE075009C8CC2 /* Info.plist */ = {isa = PBXFileReference; lastKnownFileType = text.plist.xml; path = Info.plist; sourceTree = "<group>"; };
		EFE64F13271EE32B009C8CC2 /* MainTabBarController.swift */ = {isa = PBXFileReference; lastKnownFileType = sourcecode.swift; path = MainTabBarController.swift; sourceTree = "<group>"; };
		EFE64F15271EF242009C8CC2 /* PicturesViewController.swift */ = {isa = PBXFileReference; lastKnownFileType = sourcecode.swift; path = PicturesViewController.swift; sourceTree = "<group>"; };
		EFE64F18271EF298009C8CC2 /* FavoritesViewController.swift */ = {isa = PBXFileReference; lastKnownFileType = sourcecode.swift; path = FavoritesViewController.swift; sourceTree = "<group>"; };
		EFE64F1A271F2A5E009C8CC2 /* NetworkService.swift */ = {isa = PBXFileReference; lastKnownFileType = sourcecode.swift; path = NetworkService.swift; sourceTree = "<group>"; };
		EFE64F1C271F3245009C8CC2 /* NetworkDataFetcher.swift */ = {isa = PBXFileReference; lastKnownFileType = sourcecode.swift; path = NetworkDataFetcher.swift; sourceTree = "<group>"; };
		EFE64F1E271F32A6009C8CC2 /* SearchResult.swift */ = {isa = PBXFileReference; lastKnownFileType = sourcecode.swift; path = SearchResult.swift; sourceTree = "<group>"; };
		EFE64F20271F3D51009C8CC2 /* PicturesCollectionViewCell.swift */ = {isa = PBXFileReference; lastKnownFileType = sourcecode.swift; path = PicturesCollectionViewCell.swift; sourceTree = "<group>"; };
		EFE64F2227202284009C8CC2 /* PicturesDetailsViewController.swift */ = {isa = PBXFileReference; lastKnownFileType = sourcecode.swift; path = PicturesDetailsViewController.swift; sourceTree = "<group>"; };
		FE0EDAF596FCBC9EA2453027 /* Pods_FindPhotos.framework */ = {isa = PBXFileReference; explicitFileType = wrapper.framework; includeInIndex = 0; path = Pods_FindPhotos.framework; sourceTree = BUILT_PRODUCTS_DIR; };
/* End PBXFileReference section */

/* Begin PBXFrameworksBuildPhase section */
		EFE64EF9271EE073009C8CC2 /* Frameworks */ = {
			isa = PBXFrameworksBuildPhase;
			buildActionMask = 2147483647;
			files = (
				3BBE912FBE8C86D8986A0C8A /* Pods_FindPhotos.framework in Frameworks */,
			);
			runOnlyForDeploymentPostprocessing = 0;
		};
/* End PBXFrameworksBuildPhase section */

/* Begin PBXGroup section */
		CA34D8FDC4A4879378F1ED5A /* Pods */ = {
			isa = PBXGroup;
			children = (
				A28BDA6E2C5396490E140587 /* Pods-FindPhotos.debug.xcconfig */,
				0544E5BB6FC207BE03C7F7D8 /* Pods-FindPhotos.release.xcconfig */,
			);
			path = Pods;
			sourceTree = "<group>";
		};
		EFDE2F188E96DB70D9DED360 /* Frameworks */ = {
			isa = PBXGroup;
			children = (
				FE0EDAF596FCBC9EA2453027 /* Pods_FindPhotos.framework */,
			);
			name = Frameworks;
			sourceTree = "<group>";
		};
		EFE64EF3271EE073009C8CC2 = {
			isa = PBXGroup;
			children = (
				EFE64EFE271EE073009C8CC2 /* TestTask1 */,
				EFE64EFD271EE073009C8CC2 /* Products */,
				CA34D8FDC4A4879378F1ED5A /* Pods */,
				EFDE2F188E96DB70D9DED360 /* Frameworks */,
			);
			sourceTree = "<group>";
		};
		EFE64EFD271EE073009C8CC2 /* Products */ = {
			isa = PBXGroup;
			children = (
				EFE64EFC271EE073009C8CC2 /* FindPhotos.app */,
			);
			name = Products;
			sourceTree = "<group>";
		};
		EFE64EFE271EE073009C8CC2 /* TestTask1 */ = {
			isa = PBXGroup;
			children = (
				EFE64EFF271EE073009C8CC2 /* AppDelegate.swift */,
				EFE64F13271EE32B009C8CC2 /* MainTabBarController.swift */,
				EFE64F18271EF298009C8CC2 /* FavoritesViewController.swift */,
				EFE64F1A271F2A5E009C8CC2 /* NetworkService.swift */,
				EFE64F1C271F3245009C8CC2 /* NetworkDataFetcher.swift */,
				EFE64F1E271F32A6009C8CC2 /* SearchResult.swift */,
				EFE64F15271EF242009C8CC2 /* PicturesViewController.swift */,
				EFE64F2227202284009C8CC2 /* PicturesDetailsViewController.swift */,
				EFE64F20271F3D51009C8CC2 /* PicturesCollectionViewCell.swift */,
				EFE64F01271EE073009C8CC2 /* SceneDelegate.swift */,
				EFE64F03271EE073009C8CC2 /* ViewController.swift */,
				EFE64F08271EE075009C8CC2 /* Assets.xcassets */,
				EFE64F0A271EE075009C8CC2 /* LaunchScreen.storyboard */,
				EFE64F0D271EE075009C8CC2 /* Info.plist */,
			);
			path = TestTask1;
			sourceTree = "<group>";
		};
/* End PBXGroup section */

/* Begin PBXNativeTarget section */
		EFE64EFB271EE073009C8CC2 /* FindPhotos */ = {
			isa = PBXNativeTarget;
			buildConfigurationList = EFE64F10271EE075009C8CC2 /* Build configuration list for PBXNativeTarget "FindPhotos" */;
			buildPhases = (
				63D9CE45EFADF638859D629A /* [CP] Check Pods Manifest.lock */,
				EFE64EF8271EE073009C8CC2 /* Sources */,
				EFE64EF9271EE073009C8CC2 /* Frameworks */,
				EFE64EFA271EE073009C8CC2 /* Resources */,
				1302DF39160266288647FB91 /* [CP] Embed Pods Frameworks */,
			);
			buildRules = (
			);
			dependencies = (
			);
			name = FindPhotos;
			productName = TestTask1;
			productReference = EFE64EFC271EE073009C8CC2 /* FindPhotos.app */;
			productType = "com.apple.product-type.application";
		};
/* End PBXNativeTarget section */

/* Begin PBXProject section */
		EFE64EF4271EE073009C8CC2 /* Project object */ = {
			isa = PBXProject;
			attributes = {
				BuildIndependentTargetsInParallel = 1;
				LastSwiftUpdateCheck = 1300;
				LastUpgradeCheck = 1300;
				TargetAttributes = {
					EFE64EFB271EE073009C8CC2 = {
						CreatedOnToolsVersion = 13.0;
					};
				};
			};
			buildConfigurationList = EFE64EF7271EE073009C8CC2 /* Build configuration list for PBXProject "FindPhotos" */;
			compatibilityVersion = "Xcode 13.0";
			developmentRegion = en;
			hasScannedForEncodings = 0;
			knownRegions = (
				en,
				Base,
			);
			mainGroup = EFE64EF3271EE073009C8CC2;
			productRefGroup = EFE64EFD271EE073009C8CC2 /* Products */;
			projectDirPath = "";
			projectRoot = "";
			targets = (
				EFE64EFB271EE073009C8CC2 /* FindPhotos */,
			);
		};
/* End PBXProject section */

/* Begin PBXResourcesBuildPhase section */
		EFE64EFA271EE073009C8CC2 /* Resources */ = {
			isa = PBXResourcesBuildPhase;
			buildActionMask = 2147483647;
			files = (
				EFE64F0C271EE075009C8CC2 /* LaunchScreen.storyboard in Resources */,
				EFE64F09271EE075009C8CC2 /* Assets.xcassets in Resources */,
			);
			runOnlyForDeploymentPostprocessing = 0;
		};
/* End PBXResourcesBuildPhase section */

/* Begin PBXShellScriptBuildPhase section */
		1302DF39160266288647FB91 /* [CP] Embed Pods Frameworks */ = {
			isa = PBXShellScriptBuildPhase;
			buildActionMask = 2147483647;
			files = (
			);
			inputFileListPaths = (
				"${PODS_ROOT}/Target Support Files/Pods-FindPhotos/Pods-FindPhotos-frameworks-${CONFIGURATION}-input-files.xcfilelist",
			);
			name = "[CP] Embed Pods Frameworks";
			outputFileListPaths = (
				"${PODS_ROOT}/Target Support Files/Pods-FindPhotos/Pods-FindPhotos-frameworks-${CONFIGURATION}-output-files.xcfilelist",
			);
			runOnlyForDeploymentPostprocessing = 0;
			shellPath = /bin/sh;
			shellScript = "\"${PODS_ROOT}/Target Support Files/Pods-FindPhotos/Pods-FindPhotos-frameworks.sh\"\n";
			showEnvVarsInLog = 0;
		};
		63D9CE45EFADF638859D629A /* [CP] Check Pods Manifest.lock */ = {
			isa = PBXShellScriptBuildPhase;
			buildActionMask = 2147483647;
			files = (
			);
			inputFileListPaths = (
			);
			inputPaths = (
				"${PODS_PODFILE_DIR_PATH}/Podfile.lock",
				"${PODS_ROOT}/Manifest.lock",
			);
			name = "[CP] Check Pods Manifest.lock";
			outputFileListPaths = (
			);
			outputPaths = (
				"$(DERIVED_FILE_DIR)/Pods-FindPhotos-checkManifestLockResult.txt",
			);
			runOnlyForDeploymentPostprocessing = 0;
			shellPath = /bin/sh;
			shellScript = "diff \"${PODS_PODFILE_DIR_PATH}/Podfile.lock\" \"${PODS_ROOT}/Manifest.lock\" > /dev/null\nif [ $? != 0 ] ; then\n    # print error to STDERR\n    echo \"error: The sandbox is not in sync with the Podfile.lock. Run 'pod install' or update your CocoaPods installation.\" >&2\n    exit 1\nfi\n# This output is used by Xcode 'outputs' to avoid re-running this script phase.\necho \"SUCCESS\" > \"${SCRIPT_OUTPUT_FILE_0}\"\n";
			showEnvVarsInLog = 0;
		};
/* End PBXShellScriptBuildPhase section */

/* Begin PBXSourcesBuildPhase section */
		EFE64EF8271EE073009C8CC2 /* Sources */ = {
			isa = PBXSourcesBuildPhase;
			buildActionMask = 2147483647;
			files = (
				EFE64F14271EE32B009C8CC2 /* MainTabBarController.swift in Sources */,
				EFE64F2327202284009C8CC2 /* PicturesDetailsViewController.swift in Sources */,
				EFE64F1F271F32A6009C8CC2 /* SearchResult.swift in Sources */,
				EFE64F04271EE073009C8CC2 /* ViewController.swift in Sources */,
				EFE64F16271EF242009C8CC2 /* PicturesViewController.swift in Sources */,
				EFE64F1B271F2A5E009C8CC2 /* NetworkService.swift in Sources */,
				EFE64F1D271F3245009C8CC2 /* NetworkDataFetcher.swift in Sources */,
				EFE64F21271F3D51009C8CC2 /* PicturesCollectionViewCell.swift in Sources */,
				EFE64F00271EE073009C8CC2 /* AppDelegate.swift in Sources */,
				EFE64F19271EF298009C8CC2 /* FavoritesViewController.swift in Sources */,
				EFE64F02271EE073009C8CC2 /* SceneDelegate.swift in Sources */,
			);
			runOnlyForDeploymentPostprocessing = 0;
		};
/* End PBXSourcesBuildPhase section */

/* Begin PBXVariantGroup section */
		EFE64F0A271EE075009C8CC2 /* LaunchScreen.storyboard */ = {
			isa = PBXVariantGroup;
			children = (
				EFE64F0B271EE075009C8CC2 /* Base */,
			);
			name = LaunchScreen.storyboard;
			sourceTree = "<group>";
		};
/* End PBXVariantGroup section */

/* Begin XCBuildConfiguration section */
		EFE64F0E271EE075009C8CC2 /* Debug */ = {
			isa = XCBuildConfiguration;
			buildSettings = {
				ALWAYS_SEARCH_USER_PATHS = NO;
				CLANG_ANALYZER_NONNULL = YES;
				CLANG_ANALYZER_NUMBER_OBJECT_CONVERSION = YES_AGGRESSIVE;
				CLANG_CXX_LANGUAGE_STANDARD = "gnu++17";
				CLANG_CXX_LIBRARY = "libc++";
				CLANG_ENABLE_MODULES = YES;
				CLANG_ENABLE_OBJC_ARC = YES;
				CLANG_ENABLE_OBJC_WEAK = YES;
				CLANG_WARN_BLOCK_CAPTURE_AUTORELEASING = YES;
				CLANG_WARN_BOOL_CONVERSION = YES;
				CLANG_WARN_COMMA = YES;
				CLANG_WARN_CONSTANT_CONVERSION = YES;
				CLANG_WARN_DEPRECATED_OBJC_IMPLEMENTATIONS = YES;
				CLANG_WARN_DIRECT_OBJC_ISA_USAGE = YES_ERROR;
				CLANG_WARN_DOCUMENTATION_COMMENTS = YES;
				CLANG_WARN_EMPTY_BODY = YES;
				CLANG_WARN_ENUM_CONVERSION = YES;
				CLANG_WARN_INFINITE_RECURSION = YES;
				CLANG_WARN_INT_CONVERSION = YES;
				CLANG_WARN_NON_LITERAL_NULL_CONVERSION = YES;
				CLANG_WARN_OBJC_IMPLICIT_RETAIN_SELF = YES;
				CLANG_WARN_OBJC_LITERAL_CONVERSION = YES;
				CLANG_WARN_OBJC_ROOT_CLASS = YES_ERROR;
				CLANG_WARN_QUOTED_INCLUDE_IN_FRAMEWORK_HEADER = YES;
				CLANG_WARN_RANGE_LOOP_ANALYSIS = YES;
				CLANG_WARN_STRICT_PROTOTYPES = YES;
				CLANG_WARN_SUSPICIOUS_MOVE = YES;
				CLANG_WARN_UNGUARDED_AVAILABILITY = YES_AGGRESSIVE;
				CLANG_WARN_UNREACHABLE_CODE = YES;
				CLANG_WARN__DUPLICATE_METHOD_MATCH = YES;
				COPY_PHASE_STRIP = NO;
				DEBUG_INFORMATION_FORMAT = dwarf;
				ENABLE_STRICT_OBJC_MSGSEND = YES;
				ENABLE_TESTABILITY = YES;
				GCC_C_LANGUAGE_STANDARD = gnu11;
				GCC_DYNAMIC_NO_PIC = NO;
				GCC_NO_COMMON_BLOCKS = YES;
				GCC_OPTIMIZATION_LEVEL = 0;
				GCC_PREPROCESSOR_DEFINITIONS = (
					"DEBUG=1",
					"$(inherited)",
				);
				GCC_WARN_64_TO_32_BIT_CONVERSION = YES;
				GCC_WARN_ABOUT_RETURN_TYPE = YES_ERROR;
				GCC_WARN_UNDECLARED_SELECTOR = YES;
				GCC_WARN_UNINITIALIZED_AUTOS = YES_AGGRESSIVE;
				GCC_WARN_UNUSED_FUNCTION = YES;
				GCC_WARN_UNUSED_VARIABLE = YES;
				IPHONEOS_DEPLOYMENT_TARGET = 15.0;
				MTL_ENABLE_DEBUG_INFO = INCLUDE_SOURCE;
				MTL_FAST_MATH = YES;
				ONLY_ACTIVE_ARCH = YES;
				SDKROOT = iphoneos;
				SWIFT_ACTIVE_COMPILATION_CONDITIONS = DEBUG;
				SWIFT_OPTIMIZATION_LEVEL = "-Onone";
			};
			name = Debug;
		};
		EFE64F0F271EE075009C8CC2 /* Release */ = {
			isa = XCBuildConfiguration;
			buildSettings = {
				ALWAYS_SEARCH_USER_PATHS = NO;
				CLANG_ANALYZER_NONNULL = YES;
				CLANG_ANALYZER_NUMBER_OBJECT_CONVERSION = YES_AGGRESSIVE;
				CLANG_CXX_LANGUAGE_STANDARD = "gnu++17";
				CLANG_CXX_LIBRARY = "libc++";
				CLANG_ENABLE_MODULES = YES;
				CLANG_ENABLE_OBJC_ARC = YES;
				CLANG_ENABLE_OBJC_WEAK = YES;
				CLANG_WARN_BLOCK_CAPTURE_AUTORELEASING = YES;
				CLANG_WARN_BOOL_CONVERSION = YES;
				CLANG_WARN_COMMA = YES;
				CLANG_WARN_CONSTANT_CONVERSION = YES;
				CLANG_WARN_DEPRECATED_OBJC_IMPLEMENTATIONS = YES;
				CLANG_WARN_DIRECT_OBJC_ISA_USAGE = YES_ERROR;
				CLANG_WARN_DOCUMENTATION_COMMENTS = YES;
				CLANG_WARN_EMPTY_BODY = YES;
				CLANG_WARN_ENUM_CONVERSION = YES;
				CLANG_WARN_INFINITE_RECURSION = YES;
				CLANG_WARN_INT_CONVERSION = YES;
				CLANG_WARN_NON_LITERAL_NULL_CONVERSION = YES;
				CLANG_WARN_OBJC_IMPLICIT_RETAIN_SELF = YES;
				CLANG_WARN_OBJC_LITERAL_CONVERSION = YES;
				CLANG_WARN_OBJC_ROOT_CLASS = YES_ERROR;
				CLANG_WARN_QUOTED_INCLUDE_IN_FRAMEWORK_HEADER = YES;
				CLANG_WARN_RANGE_LOOP_ANALYSIS = YES;
				CLANG_WARN_STRICT_PROTOTYPES = YES;
				CLANG_WARN_SUSPICIOUS_MOVE = YES;
				CLANG_WARN_UNGUARDED_AVAILABILITY = YES_AGGRESSIVE;
				CLANG_WARN_UNREACHABLE_CODE = YES;
				CLANG_WARN__DUPLICATE_METHOD_MATCH = YES;
				COPY_PHASE_STRIP = NO;
				DEBUG_INFORMATION_FORMAT = "dwarf-with-dsym";
				ENABLE_NS_ASSERTIONS = NO;
				ENABLE_STRICT_OBJC_MSGSEND = YES;
				GCC_C_LANGUAGE_STANDARD = gnu11;
				GCC_NO_COMMON_BLOCKS = YES;
				GCC_WARN_64_TO_32_BIT_CONVERSION = YES;
				GCC_WARN_ABOUT_RETURN_TYPE = YES_ERROR;
				GCC_WARN_UNDECLARED_SELECTOR = YES;
				GCC_WARN_UNINITIALIZED_AUTOS = YES_AGGRESSIVE;
				GCC_WARN_UNUSED_FUNCTION = YES;
				GCC_WARN_UNUSED_VARIABLE = YES;
				IPHONEOS_DEPLOYMENT_TARGET = 15.0;
				MTL_ENABLE_DEBUG_INFO = NO;
				MTL_FAST_MATH = YES;
				SDKROOT = iphoneos;
				SWIFT_COMPILATION_MODE = wholemodule;
				SWIFT_OPTIMIZATION_LEVEL = "-O";
				VALIDATE_PRODUCT = YES;
			};
			name = Release;
		};
		EFE64F11271EE075009C8CC2 /* Debug */ = {
			isa = XCBuildConfiguration;
			baseConfigurationReference = A28BDA6E2C5396490E140587 /* Pods-FindPhotos.debug.xcconfig */;
			buildSettings = {
				ASSETCATALOG_COMPILER_APPICON_NAME = AppIcon;
				ASSETCATALOG_COMPILER_GLOBAL_ACCENT_COLOR_NAME = AccentColor;
				CODE_SIGN_STYLE = Automatic;
				CURRENT_PROJECT_VERSION = 1;
				DEVELOPMENT_TEAM = A38548G3Y3;
				GENERATE_INFOPLIST_FILE = YES;
				INFOPLIST_FILE = TestTask1/Info.plist;
				INFOPLIST_KEY_UIApplicationSupportsIndirectInputEvents = YES;
				INFOPLIST_KEY_UILaunchStoryboardName = LaunchScreen;
				INFOPLIST_KEY_UISupportedInterfaceOrientations_iPad = "UIInterfaceOrientationPortrait UIInterfaceOrientationPortraitUpsideDown UIInterfaceOrientationLandscapeLeft UIInterfaceOrientationLandscapeRight";
				INFOPLIST_KEY_UISupportedInterfaceOrientations_iPhone = "UIInterfaceOrientationPortrait UIInterfaceOrientationLandscapeLeft UIInterfaceOrientationLandscapeRight";
				LD_RUNPATH_SEARCH_PATHS = (
					"$(inherited)",
					"@executable_path/Frameworks",
				);
				MARKETING_VERSION = 1.0;
				PRODUCT_BUNDLE_IDENTIFIER = com.idontknowwhatimdoing.TestTask1;
				PRODUCT_NAME = "$(TARGET_NAME)";
				SWIFT_EMIT_LOC_STRINGS = YES;
				SWIFT_VERSION = 5.0;
				TARGETED_DEVICE_FAMILY = "1,2";
			};
			name = Debug;
		};
		EFE64F12271EE075009C8CC2 /* Release */ = {
			isa = XCBuildConfiguration;
			baseConfigurationReference = 0544E5BB6FC207BE03C7F7D8 /* Pods-FindPhotos.release.xcconfig */;
			buildSettings = {
				ASSETCATALOG_COMPILER_APPICON_NAME = AppIcon;
				ASSETCATALOG_COMPILER_GLOBAL_ACCENT_COLOR_NAME = AccentColor;
				CODE_SIGN_STYLE = Automatic;
				CURRENT_PROJECT_VERSION = 1;
				DEVELOPMENT_TEAM = A38548G3Y3;
				GENERATE_INFOPLIST_FILE = YES;
				INFOPLIST_FILE = TestTask1/Info.plist;
				INFOPLIST_KEY_UIApplicationSupportsIndirectInputEvents = YES;
				INFOPLIST_KEY_UILaunchStoryboardName = LaunchScreen;
				INFOPLIST_KEY_UISupportedInterfaceOrientations_iPad = "UIInterfaceOrientationPortrait UIInterfaceOrientationPortraitUpsideDown UIInterfaceOrientationLandscapeLeft UIInterfaceOrientationLandscapeRight";
				INFOPLIST_KEY_UISupportedInterfaceOrientations_iPhone = "UIInterfaceOrientationPortrait UIInterfaceOrientationLandscapeLeft UIInterfaceOrientationLandscapeRight";
				LD_RUNPATH_SEARCH_PATHS = (
					"$(inherited)",
					"@executable_path/Frameworks",
				);
				MARKETING_VERSION = 1.0;
				PRODUCT_BUNDLE_IDENTIFIER = com.idontknowwhatimdoing.TestTask1;
				PRODUCT_NAME = "$(TARGET_NAME)";
				SWIFT_EMIT_LOC_STRINGS = YES;
				SWIFT_VERSION = 5.0;
				TARGETED_DEVICE_FAMILY = "1,2";
			};
			name = Release;
		};
/* End XCBuildConfiguration section */

/* Begin XCConfigurationList section */
		EFE64EF7271EE073009C8CC2 /* Build configuration list for PBXProject "FindPhotos" */ = {
			isa = XCConfigurationList;
			buildConfigurations = (
				EFE64F0E271EE075009C8CC2 /* Debug */,
				EFE64F0F271EE075009C8CC2 /* Release */,
			);
			defaultConfigurationIsVisible = 0;
			defaultConfigurationName = Release;
		};
		EFE64F10271EE075009C8CC2 /* Build configuration list for PBXNativeTarget "FindPhotos" */ = {
			isa = XCConfigurationList;
			buildConfigurations = (
				EFE64F11271EE075009C8CC2 /* Debug */,
				EFE64F12271EE075009C8CC2 /* Release */,
			);
			defaultConfigurationIsVisible = 0;
			defaultConfigurationName = Release;
		};
/* End XCConfigurationList section */
	};
	rootObject = EFE64EF4271EE073009C8CC2 /* Project object */;
}
